
Microsoft Visual Studio Solution File, Format Version 12.00
# Visual Studio 15
VisualStudioVersion = 15.0.27130.2027
MinimumVisualStudioVersion = 10.0.40219.1
Project("{FAE04EC0-301F-11D3-BF4B-00C04F79EFBC}") = "UserInterface", "UserInterface\UserInterface.csproj", "{4A0438DE-538E-4B7D-9299-3AA0049DF404}"
EndProject
Project("{FAE04EC0-301F-11D3-BF4B-00C04F79EFBC}") = "TheBrain", "TheBrain\TheBrain.csproj", "{D7D9B3BD-25FE-408B-839A-FE631767DFDF}"
EndProject
Project("{F184B08F-C81C-45F6-A57F-5ABD9991F28F}") = "VB Game Surface w Buttons", "VB Game Surface w Buttons\VB Game Surface w Buttons.vbproj", "{3C36C9B8-3F7C-413A-A13B-7BDD50F7477B}"
EndProject
Project("{FAE04EC0-301F-11D3-BF4B-00C04F79EFBC}") = "TheBrain_Tests", "TheBrain_Tests\TheBrain_Tests.csproj", "{D49DA4C9-0FC9-47DA-A2D0-FECE31F76395}"
EndProject
Project("{FAE04EC0-301F-11D3-BF4B-00C04F79EFBC}") = "CommonFramework.Core", "CommonFramework.Core\CommonFramework.Core.csproj", "{303B09B3-8A62-4CF8-9539-0E168A63D17E}"
EndProject
Project("{FAE04EC0-301F-11D3-BF4B-00C04F79EFBC}") = "CommonFramework.Core.UnitTest", "..\Assignment 7 Unit Testing\CommonFramework.Core.UnitTest\CommonFramework.Core.UnitTest.csproj", "{FF7D51B6-A665-43AE-8BB4-66DBD2E43E3F}"
EndProject
Project("{FAE04EC0-301F-11D3-BF4B-00C04F79EFBC}") = "UserInterfaceGraphics", "UserInterfaceGraphics\UserInterfaceGraphics.csproj", "{CBE8DDD7-3478-4E14-8D9F-5F10AE92992E}"
EndProject
Global
	GlobalSection(SolutionConfigurationPlatforms) = preSolution
		Debug|Any CPU = Debug|Any CPU
		Release|Any CPU = Release|Any CPU
	EndGlobalSection
	GlobalSection(ProjectConfigurationPlatforms) = postSolution
		{4A0438DE-538E-4B7D-9299-3AA0049DF404}.Debug|Any CPU.ActiveCfg = Debug|Any CPU
		{4A0438DE-538E-4B7D-9299-3AA0049DF404}.Debug|Any CPU.Build.0 = Debug|Any CPU
		{4A0438DE-538E-4B7D-9299-3AA0049DF404}.Release|Any CPU.ActiveCfg = Release|Any CPU
		{4A0438DE-538E-4B7D-9299-3AA0049DF404}.Release|Any CPU.Build.0 = Release|Any CPU
		{D7D9B3BD-25FE-408B-839A-FE631767DFDF}.Debug|Any CPU.ActiveCfg = Debug|Any CPU
		{D7D9B3BD-25FE-408B-839A-FE631767DFDF}.Debug|Any CPU.Build.0 = Debug|Any CPU
		{D7D9B3BD-25FE-408B-839A-FE631767DFDF}.Release|Any CPU.ActiveCfg = Release|Any CPU
		{D7D9B3BD-25FE-408B-839A-FE631767DFDF}.Release|Any CPU.Build.0 = Release|Any CPU
		{3C36C9B8-3F7C-413A-A13B-7BDD50F7477B}.Debug|Any CPU.ActiveCfg = Debug|Any CPU
		{3C36C9B8-3F7C-413A-A13B-7BDD50F7477B}.Debug|Any CPU.Build.0 = Debug|Any CPU
		{3C36C9B8-3F7C-413A-A13B-7BDD50F7477B}.Release|Any CPU.ActiveCfg = Release|Any CPU
		{3C36C9B8-3F7C-413A-A13B-7BDD50F7477B}.Release|Any CPU.Build.0 = Release|Any CPU
		{D49DA4C9-0FC9-47DA-A2D0-FECE31F76395}.Debug|Any CPU.ActiveCfg = Debug|Any CPU
		{D49DA4C9-0FC9-47DA-A2D0-FECE31F76395}.Debug|Any CPU.Build.0 = Debug|Any CPU
		{D49DA4C9-0FC9-47DA-A2D0-FECE31F76395}.Release|Any CPU.ActiveCfg = Release|Any CPU
		{D49DA4C9-0FC9-47DA-A2D0-FECE31F76395}.Release|Any CPU.Build.0 = Release|Any CPU
		{303B09B3-8A62-4CF8-9539-0E168A63D17E}.Debug|Any CPU.ActiveCfg = Debug|Any CPU
		{303B09B3-8A62-4CF8-9539-0E168A63D17E}.Debug|Any CPU.Build.0 = Debug|Any CPU
		{303B09B3-8A62-4CF8-9539-0E168A63D17E}.Release|Any CPU.ActiveCfg = Release|Any CPU
		{303B09B3-8A62-4CF8-9539-0E168A63D17E}.Release|Any CPU.Build.0 = Release|Any CPU
		{FF7D51B6-A665-43AE-8BB4-66DBD2E43E3F}.Debug|Any CPU.ActiveCfg = Debug|Any CPU
		{FF7D51B6-A665-43AE-8BB4-66DBD2E43E3F}.Debug|Any CPU.Build.0 = Debug|Any CPU
		{FF7D51B6-A665-43AE-8BB4-66DBD2E43E3F}.Release|Any CPU.ActiveCfg = Release|Any CPU
		{FF7D51B6-A665-43AE-8BB4-66DBD2E43E3F}.Release|Any CPU.Build.0 = Release|Any CPU
		{CBE8DDD7-3478-4E14-8D9F-5F10AE92992E}.Debug|Any CPU.ActiveCfg = Debug|Any CPU
		{CBE8DDD7-3478-4E14-8D9F-5F10AE92992E}.Debug|Any CPU.Build.0 = Debug|Any CPU
		{CBE8DDD7-3478-4E14-8D9F-5F10AE92992E}.Release|Any CPU.ActiveCfg = Release|Any CPU
		{CBE8DDD7-3478-4E14-8D9F-5F10AE92992E}.Release|Any CPU.Build.0 = Release|Any CPU
	EndGlobalSection
	GlobalSection(SolutionProperties) = preSolution
		HideSolutionNode = FALSE
	EndGlobalSection
	GlobalSection(ExtensibilityGlobals) = postSolution
		SolutionGuid = {8F613466-6D68-451C-B4D3-F63A6A3AFDC9}
	EndGlobalSection
EndGlobal
